
Microsoft Visual Studio Solution File, Format Version 12.00
# Visual Studio 15
VisualStudioVersion = 15.0.28307.645
MinimumVisualStudioVersion = 10.0.40219.1
Project("{FAE04EC0-301F-11D3-BF4B-00C04F79EFBC}") = "DerevoLi", "DerevoLi\DerevoLi.csproj", "{49F1DA14-F43C-4A9B-A22C-C73BB2C64EAE}"
EndProject
Global
	GlobalSection(SolutionConfigurationPlatforms) = preSolution
		Debug|Any CPU = Debug|Any CPU
		Release|Any CPU = Release|Any CPU
	EndGlobalSection
	GlobalSection(ProjectConfigurationPlatforms) = postSolution
		{49F1DA14-F43C-4A9B-A22C-C73BB2C64EAE}.Debug|Any CPU.ActiveCfg = Debug|Any CPU
		{49F1DA14-F43C-4A9B-A22C-C73BB2C64EAE}.Debug|Any CPU.Build.0 = Debug|Any CPU
		{49F1DA14-F43C-4A9B-A22C-C73BB2C64EAE}.Release|Any CPU.ActiveCfg = Release|Any CPU
		{49F1DA14-F43C-4A9B-A22C-C73BB2C64EAE}.Release|Any CPU.Build.0 = Release|Any CPU
	EndGlobalSection
	GlobalSection(SolutionProperties) = preSolution
		HideSolutionNode = FALSE
	EndGlobalSection
	GlobalSection(ExtensibilityGlobals) = postSolution
		SolutionGuid = {FA00D6AD-145A-4B97-95B1-BF780046B236}
	EndGlobalSection
EndGlobal
